
Microsoft Visual Studio Solution File, Format Version 12.00
# Visual Studio Version 17
VisualStudioVersion = 17.7.34202.233
MinimumVisualStudioVersion = 10.0.40219.1
Project("{FAE04EC0-301F-11D3-BF4B-00C04F79EFBC}") = "CalculoQuadrado", "CalculoQuadrado\CalculoQuadrado.csproj", "{8CCD0F59-A41C-4950-A172-B100C5F1AC42}"
EndProject
Global
	GlobalSection(SolutionConfigurationPlatforms) = preSolution
		Debug|Any CPU = Debug|Any CPU
		Release|Any CPU = Release|Any CPU
	EndGlobalSection
	GlobalSection(ProjectConfigurationPlatforms) = postSolution
		{8CCD0F59-A41C-4950-A172-B100C5F1AC42}.Debug|Any CPU.ActiveCfg = Debug|Any CPU
		{8CCD0F59-A41C-4950-A172-B100C5F1AC42}.Debug|Any CPU.Build.0 = Debug|Any CPU
		{8CCD0F59-A41C-4950-A172-B100C5F1AC42}.Release|Any CPU.ActiveCfg = Release|Any CPU
		{8CCD0F59-A41C-4950-A172-B100C5F1AC42}.Release|Any CPU.Build.0 = Release|Any CPU
	EndGlobalSection
	GlobalSection(SolutionProperties) = preSolution
		HideSolutionNode = FALSE
	EndGlobalSection
	GlobalSection(ExtensibilityGlobals) = postSolution
		SolutionGuid = {488881E8-367F-4913-B0A4-C64288F4F4A8}
	EndGlobalSection
EndGlobal
